
Microsoft Visual Studio Solution File, Format Version 12.00
# Visual Studio 15
VisualStudioVersion = 15.0.28307.852
MinimumVisualStudioVersion = 10.0.40219.1
Project("{FAE04EC0-301F-11D3-BF4B-00C04F79EFBC}") = "MichuAPI", "MichuAPI\MichuAPI.csproj", "{4BC8587B-23E8-4E0E-8128-2E66105038C5}"
EndProject
Project("{FAE04EC0-301F-11D3-BF4B-00C04F79EFBC}") = "MichuServiceTest", "MichuServiceTest\MichuServiceTest.csproj", "{6E0C5B3D-5B12-4F9A-88D3-60613CADC71A}"
EndProject
Global
	GlobalSection(SolutionConfigurationPlatforms) = preSolution
		Debug|Any CPU = Debug|Any CPU
		Release|Any CPU = Release|Any CPU
	EndGlobalSection
	GlobalSection(ProjectConfigurationPlatforms) = postSolution
		{4BC8587B-23E8-4E0E-8128-2E66105038C5}.Debug|Any CPU.ActiveCfg = Debug|Any CPU
		{4BC8587B-23E8-4E0E-8128-2E66105038C5}.Debug|Any CPU.Build.0 = Debug|Any CPU
		{4BC8587B-23E8-4E0E-8128-2E66105038C5}.Release|Any CPU.ActiveCfg = Release|Any CPU
		{4BC8587B-23E8-4E0E-8128-2E66105038C5}.Release|Any CPU.Build.0 = Release|Any CPU
		{6E0C5B3D-5B12-4F9A-88D3-60613CADC71A}.Debug|Any CPU.ActiveCfg = Debug|Any CPU
		{6E0C5B3D-5B12-4F9A-88D3-60613CADC71A}.Debug|Any CPU.Build.0 = Debug|Any CPU
		{6E0C5B3D-5B12-4F9A-88D3-60613CADC71A}.Release|Any CPU.ActiveCfg = Release|Any CPU
		{6E0C5B3D-5B12-4F9A-88D3-60613CADC71A}.Release|Any CPU.Build.0 = Release|Any CPU
	EndGlobalSection
	GlobalSection(SolutionProperties) = preSolution
		HideSolutionNode = FALSE
	EndGlobalSection
	GlobalSection(ExtensibilityGlobals) = postSolution
		SolutionGuid = {75B4676C-6A13-4095-8A48-BEAD722877FA}
	EndGlobalSection
EndGlobal
